
Microsoft Visual Studio Solution File, Format Version 12.00
# Visual Studio Version 17
VisualStudioVersion = 17.0.32014.148
MinimumVisualStudioVersion = 10.0.40219.1
Project("{8BC9CEB8-8B4A-11D0-8D11-00A0C91BC942}") = "Project13221", "Project13221\Project13221.vcxproj", "{E41A0BD5-4691-4003-B051-7075D5CEE5CE}"
EndProject
Global
	GlobalSection(SolutionConfigurationPlatforms) = preSolution
		Debug|x64 = Debug|x64
		Debug|x86 = Debug|x86
		Release|x64 = Release|x64
		Release|x86 = Release|x86
	EndGlobalSection
	GlobalSection(ProjectConfigurationPlatforms) = postSolution
		{E41A0BD5-4691-4003-B051-7075D5CEE5CE}.Debug|x64.ActiveCfg = Debug|x64
		{E41A0BD5-4691-4003-B051-7075D5CEE5CE}.Debug|x64.Build.0 = Debug|x64
		{E41A0BD5-4691-4003-B051-7075D5CEE5CE}.Debug|x86.ActiveCfg = Debug|Win32
		{E41A0BD5-4691-4003-B051-7075D5CEE5CE}.Debug|x86.Build.0 = Debug|Win32
		{E41A0BD5-4691-4003-B051-7075D5CEE5CE}.Release|x64.ActiveCfg = Release|x64
		{E41A0BD5-4691-4003-B051-7075D5CEE5CE}.Release|x64.Build.0 = Release|x64
		{E41A0BD5-4691-4003-B051-7075D5CEE5CE}.Release|x86.ActiveCfg = Release|Win32
		{E41A0BD5-4691-4003-B051-7075D5CEE5CE}.Release|x86.Build.0 = Release|Win32
	EndGlobalSection
	GlobalSection(SolutionProperties) = preSolution
		HideSolutionNode = FALSE
	EndGlobalSection
	GlobalSection(ExtensibilityGlobals) = postSolution
		SolutionGuid = {46329D8B-A8FE-46B6-BA8F-92C8F4A6DDBE}
	EndGlobalSection
EndGlobal
